{
  "name": "knock",
  "lockfileVersion": 2,
  "requires": true,
  "packages": {
    "": {
      "dependencies": {
        "faker-cli": "^2.0.0"
      }
    },
    "node_modules/commander": {
      "version": "5.1.0",
      "resolved": "https://registry.npmjs.org/commander/-/commander-5.1.0.tgz",
      "integrity": "sha512-P0CysNDQ7rtVw4QIQtm+MRxV66vKFSvlsQvGYXZWR3qFU0jlMKHZZZgw8e+8DSah4UDKMqnknRDQz+xuQXQ/Zg==",
      "engines": {
        "node": ">= 6"
      }
    },
    "node_modules/faker": {
      "version": "4.1.0",
      "resolved": "https://registry.npmjs.org/faker/-/faker-4.1.0.tgz",
      "integrity": "sha512-ILKg69P6y/D8/wSmDXw35Ly0re8QzQ8pMfBCflsGiZG2ZjMUNLYNexA6lz5pkmJlepVdsiDFUxYAzPQ9/+iGLA=="
    },
    "node_modules/faker-cli": {
      "version": "2.0.0",
      "resolved": "https://registry.npmjs.org/faker-cli/-/faker-cli-2.0.0.tgz",
      "integrity": "sha512-kGzndlIC2EvHGOBKfH6lmXtw1SGGGhvuiT1rTiXjwx8+2eCq8LbtktwcANp9eIaXsHH12X9lgX7Ce4QI/iwMVg==",
      "dependencies": {
        "commander": "^5.0.0",
        "faker": "^4.1.0"
      },
      "bin": {
        "faker-cli": "bin/faker-cli.js"
      }
    }
  },
  "dependencies": {
    "commander": {
      "version": "5.1.0",
      "resolved": "https://registry.npmjs.org/commander/-/commander-5.1.0.tgz",
      "integrity": "sha512-P0CysNDQ7rtVw4QIQtm+MRxV66vKFSvlsQvGYXZWR3qFU0jlMKHZZZgw8e+8DSah4UDKMqnknRDQz+xuQXQ/Zg=="
    },
    "faker": {
      "version": "4.1.0",
      "resolved": "https://registry.npmjs.org/faker/-/faker-4.1.0.tgz",
      "integrity": "sha512-ILKg69P6y/D8/wSmDXw35Ly0re8QzQ8pMfBCflsGiZG2ZjMUNLYNexA6lz5pkmJlepVdsiDFUxYAzPQ9/+iGLA=="
    },
    "faker-cli": {
      "version": "2.0.0",
      "resolved": "https://registry.npmjs.org/faker-cli/-/faker-cli-2.0.0.tgz",
      "integrity": "sha512-kGzndlIC2EvHGOBKfH6lmXtw1SGGGhvuiT1rTiXjwx8+2eCq8LbtktwcANp9eIaXsHH12X9lgX7Ce4QI/iwMVg==",
      "requires": {
        "commander": "^5.0.0",
        "faker": "^4.1.0"
      }
    }
  }
}
